// !$*UTF8*$!
{
	archiveVersion = 1;
	classes = {
	};
	objectVersion = 46;
	objects = {

/* Begin PBXBuildFile section */
		6039004E2543EE446519928D /* search.png in Resources */ = {isa = PBXBuildFile; fileRef = 60390357DCE9834B33EA962E /* search.png */; };
		6039020135B7FE399ECC8581 /* compose.png in Resources */ = {isa = PBXBuildFile; fileRef = 6039009C327E05AD11B04DD3 /* compose.png */; };
		603902A70EDD557C51285919 /* Default-568h@2x.png in Resources */ = {isa = PBXBuildFile; fileRef = 60390F3BC828FC41D1CDF940 /* Default-568h@2x.png */; };
		603902FED5235533FB269F60 /* compose@2x.png in Resources */ = {isa = PBXBuildFile; fileRef = 60390B81AEBE479629D158E3 /* compose@2x.png */; };
		60390384643D87D83E27C702 /* CKSideBarItem.m in Sources */ = {isa = PBXBuildFile; fileRef = 60390C602C60C243009B68C2 /* CKSideBarItem.m */; };
		60390401971DE67BFF33D6A8 /* QuartzCore.framework in Frameworks */ = {isa = PBXBuildFile; fileRef = 60390FF173C1E692E933530D /* QuartzCore.framework */; };
		603904D70F8697EBD456D01A /* selected-image-background@2x.png in Resources */ = {isa = PBXBuildFile; fileRef = 603902398B1B3B59F7634823 /* selected-image-background@2x.png */; };
		6039057337996A8C74B04646 /* CKAppDelegate.m in Sources */ = {isa = PBXBuildFile; fileRef = 603902D4BE74F217BB3CBDEA /* CKAppDelegate.m */; };
		6039061BBB786F8D8C7781AB /* tabbar-glow@2x.png in Resources */ = {isa = PBXBuildFile; fileRef = 603901EA1E38A877EFC08635 /* tabbar-glow@2x.png */; };
		60390661DD7BAC0E5590623F /* default-tabbar-icon.png in Resources */ = {isa = PBXBuildFile; fileRef = 603907984C8D708DB0754F20 /* default-tabbar-icon.png */; };
		603906FF044087C67D426E02 /* messages@2x.png in Resources */ = {isa = PBXBuildFile; fileRef = 603905EA633E4D05343B0832 /* messages@2x.png */; };
		603909BD56326799DBBA8F34 /* rough_diagonal@2x.png in Resources */ = {isa = PBXBuildFile; fileRef = 60390222989C940BA7867612 /* rough_diagonal@2x.png */; };
		603909FB80BC74CFBBE2DF8D /* CoreGraphics.framework in Frameworks */ = {isa = PBXBuildFile; fileRef = 6039016BEB841ECF4770E72D /* CoreGraphics.framework */; };
		60390A781E5F42A55F4E1CFC /* default-tabbar-icon@2x.png in Resources */ = {isa = PBXBuildFile; fileRef = 60390114CE55D4E53AA2CAF6 /* default-tabbar-icon@2x.png */; };
		60390A865F5893C4E5C32682 /* UIKit.framework in Frameworks */ = {isa = PBXBuildFile; fileRef = 603905C129889BF6A9A7DDFC /* UIKit.framework */; };
		60390AC1AB747B91590A44D4 /* InfoPlist.strings in Resources */ = {isa = PBXBuildFile; fileRef = 60390638908AC4012B4D2A30 /* InfoPlist.strings */; };
		60390BAFC58B068C38A8C0E0 /* main.m in Sources */ = {isa = PBXBuildFile; fileRef = 603900E3CF099A5EA7D85F38 /* main.m */; };
		60390BF7DD6E05DF08945026 /* Default.png in Resources */ = {isa = PBXBuildFile; fileRef = 603903CEA8D8FAF677D8EA9E /* Default.png */; };
		60390CA53C4EBC64A79B9150 /* search@2x.png in Resources */ = {isa = PBXBuildFile; fileRef = 603905CD1AA2671B175D67F5 /* search@2x.png */; };
		60390CDD14D627AE27F5FD6B /* Default@2x.png in Resources */ = {isa = PBXBuildFile; fileRef = 6039008B969B70CA90BB469F /* Default@2x.png */; };
		60390D10B14669E51435150C /* Foundation.framework in Frameworks */ = {isa = PBXBuildFile; fileRef = 60390928E284F8EDA816B160 /* Foundation.framework */; };
		60390D85C0707BB6D1FE2894 /* messages.png in Resources */ = {isa = PBXBuildFile; fileRef = 60390ED1B9F265F8CD8E9889 /* messages.png */; };
		60390D9405E711E9D6DB3938 /* selected-image-background.png in Resources */ = {isa = PBXBuildFile; fileRef = 603908E3F7892B0562C3B631 /* selected-image-background.png */; };
		60390E3CEB22D9AE7F6ADE42 /* rough_diagonal.png in Resources */ = {isa = PBXBuildFile; fileRef = 603903179ABBE8CBA3418D10 /* rough_diagonal.png */; };
		60390E5B75EBB4EC204BC425 /* CKTestViewController.m in Sources */ = {isa = PBXBuildFile; fileRef = 6039018DE6B30775C3A6A8B8 /* CKTestViewController.m */; };
		60390EB3349DAE882B4941E1 /* tabbar-glow.png in Resources */ = {isa = PBXBuildFile; fileRef = 60390FBEAB5204DA69627AD0 /* tabbar-glow.png */; };
		60390F9634B4E3583978D86E /* CKSideBarController.m in Sources */ = {isa = PBXBuildFile; fileRef = 60390A626D668E03CF89A800 /* CKSideBarController.m */; };
/* End PBXBuildFile section */

/* Begin PBXFileReference section */
		6039008B969B70CA90BB469F /* Default@2x.png */ = {isa = PBXFileReference; lastKnownFileType = image.png; path = "Default@2x.png"; sourceTree = "<group>"; };
		6039009C327E05AD11B04DD3 /* compose.png */ = {isa = PBXFileReference; lastKnownFileType = image.png; path = compose.png; sourceTree = "<group>"; };
		603900E3CF099A5EA7D85F38 /* main.m */ = {isa = PBXFileReference; lastKnownFileType = sourcecode.c.objc; path = main.m; sourceTree = "<group>"; };
		60390114CE55D4E53AA2CAF6 /* default-tabbar-icon@2x.png */ = {isa = PBXFileReference; lastKnownFileType = image.png; name = "default-tabbar-icon@2x.png"; path = "../../Source/Resources/default-tabbar-icon@2x.png"; sourceTree = "<group>"; };
		6039016BEB841ECF4770E72D /* CoreGraphics.framework */ = {isa = PBXFileReference; lastKnownFileType = wrapper.framework; name = CoreGraphics.framework; path = System/Library/Frameworks/CoreGraphics.framework; sourceTree = SDKROOT; };
		6039018DE6B30775C3A6A8B8 /* CKTestViewController.m */ = {isa = PBXFileReference; fileEncoding = 4; lastKnownFileType = sourcecode.c.objc; path = CKTestViewController.m; sourceTree = "<group>"; };
		603901EA1E38A877EFC08635 /* tabbar-glow@2x.png */ = {isa = PBXFileReference; lastKnownFileType = image.png; name = "tabbar-glow@2x.png"; path = "../../Source/Resources/tabbar-glow@2x.png"; sourceTree = "<group>"; };
		60390222989C940BA7867612 /* rough_diagonal@2x.png */ = {isa = PBXFileReference; lastKnownFileType = image.png; name = "rough_diagonal@2x.png"; path = "../../Source/Resources/rough_diagonal@2x.png"; sourceTree = "<group>"; };
		603902398B1B3B59F7634823 /* selected-image-background@2x.png */ = {isa = PBXFileReference; lastKnownFileType = image.png; name = "selected-image-background@2x.png"; path = "../../Source/Resources/selected-image-background@2x.png"; sourceTree = "<group>"; };
		603902D4BE74F217BB3CBDEA /* CKAppDelegate.m */ = {isa = PBXFileReference; lastKnownFileType = sourcecode.c.objc; path = CKAppDelegate.m; sourceTree = "<group>"; };
		603903179ABBE8CBA3418D10 /* rough_diagonal.png */ = {isa = PBXFileReference; lastKnownFileType = image.png; name = rough_diagonal.png; path = ../../Source/Resources/rough_diagonal.png; sourceTree = "<group>"; };
		60390357DCE9834B33EA962E /* search.png */ = {isa = PBXFileReference; lastKnownFileType = image.png; path = search.png; sourceTree = "<group>"; };
		603903CEA8D8FAF677D8EA9E /* Default.png */ = {isa = PBXFileReference; lastKnownFileType = image.png; path = Default.png; sourceTree = "<group>"; };
		60390531E6989CC7FBFCB471 /* CKSideBarItem.h */ = {isa = PBXFileReference; fileEncoding = 4; lastKnownFileType = sourcecode.c.h; name = CKSideBarItem.h; path = ../../Source/CKSideBarItem.h; sourceTree = "<group>"; };
		603905C129889BF6A9A7DDFC /* UIKit.framework */ = {isa = PBXFileReference; lastKnownFileType = wrapper.framework; name = UIKit.framework; path = System/Library/Frameworks/UIKit.framework; sourceTree = SDKROOT; };
		603905CD1AA2671B175D67F5 /* search@2x.png */ = {isa = PBXFileReference; lastKnownFileType = image.png; path = "search@2x.png"; sourceTree = "<group>"; };
		603905EA633E4D05343B0832 /* messages@2x.png */ = {isa = PBXFileReference; lastKnownFileType = image.png; path = "messages@2x.png"; sourceTree = "<group>"; };
		60390759A359C46D4C689764 /* CKSideBarController-Prefix.pch */ = {isa = PBXFileReference; lastKnownFileType = sourcecode.c.h; path = "CKSideBarController-Prefix.pch"; sourceTree = "<group>"; };
		603907984C8D708DB0754F20 /* default-tabbar-icon.png */ = {isa = PBXFileReference; lastKnownFileType = image.png; name = "default-tabbar-icon.png"; path = "../../Source/Resources/default-tabbar-icon.png"; sourceTree = "<group>"; };
		603907A659DB57E0AEA25984 /* en */ = {isa = PBXFileReference; lastKnownFileType = text.plist.strings; name = en; path = en.lproj/InfoPlist.strings; sourceTree = "<group>"; };
		603908C8D264A976DD3A2306 /* CKSideBarController.app */ = {isa = PBXFileReference; explicitFileType = wrapper.application; includeInIndex = 0; path = CKSideBarController.app; sourceTree = BUILT_PRODUCTS_DIR; };
		603908DB25A4A76066027C9F /* CKTestViewController.h */ = {isa = PBXFileReference; fileEncoding = 4; lastKnownFileType = sourcecode.c.h; path = CKTestViewController.h; sourceTree = "<group>"; };
		603908E3F7892B0562C3B631 /* selected-image-background.png */ = {isa = PBXFileReference; lastKnownFileType = image.png; name = "selected-image-background.png"; path = "../../Source/Resources/selected-image-background.png"; sourceTree = "<group>"; };
		60390928E284F8EDA816B160 /* Foundation.framework */ = {isa = PBXFileReference; lastKnownFileType = wrapper.framework; name = Foundation.framework; path = System/Library/Frameworks/Foundation.framework; sourceTree = SDKROOT; };
		60390A152B5584589231999E /* CKSideBarController-Info.plist */ = {isa = PBXFileReference; lastKnownFileType = text.plist.info; path = "CKSideBarController-Info.plist"; sourceTree = "<group>"; };
		60390A626D668E03CF89A800 /* CKSideBarController.m */ = {isa = PBXFileReference; fileEncoding = 4; lastKnownFileType = sourcecode.c.objc; name = CKSideBarController.m; path = ../../Source/CKSideBarController.m; sourceTree = "<group>"; };
		60390B81AEBE479629D158E3 /* compose@2x.png */ = {isa = PBXFileReference; lastKnownFileType = image.png; path = "compose@2x.png"; sourceTree = "<group>"; };
		60390C602C60C243009B68C2 /* CKSideBarItem.m */ = {isa = PBXFileReference; fileEncoding = 4; lastKnownFileType = sourcecode.c.objc; name = CKSideBarItem.m; path = ../../Source/CKSideBarItem.m; sourceTree = "<group>"; };
		60390D4C57AD386112E2E314 /* CKAppDelegate.h */ = {isa = PBXFileReference; lastKnownFileType = sourcecode.c.h; path = CKAppDelegate.h; sourceTree = "<group>"; };
		60390ED1B9F265F8CD8E9889 /* messages.png */ = {isa = PBXFileReference; lastKnownFileType = image.png; path = messages.png; sourceTree = "<group>"; };
		60390F3BC828FC41D1CDF940 /* Default-568h@2x.png */ = {isa = PBXFileReference; lastKnownFileType = image.png; path = "Default-568h@2x.png"; sourceTree = "<group>"; };
		60390F82531E058FB59E3E2F /* CKSideBarController.h */ = {isa = PBXFileReference; fileEncoding = 4; lastKnownFileType = sourcecode.c.h; name = CKSideBarController.h; path = ../../Source/CKSideBarController.h; sourceTree = "<group>"; };
		60390FBEAB5204DA69627AD0 /* tabbar-glow.png */ = {isa = PBXFileReference; lastKnownFileType = image.png; name = "tabbar-glow.png"; path = "../../Source/Resources/tabbar-glow.png"; sourceTree = "<group>"; };
		60390FF173C1E692E933530D /* QuartzCore.framework */ = {isa = PBXFileReference; lastKnownFileType = wrapper.framework; name = QuartzCore.framework; path = System/Library/Frameworks/QuartzCore.framework; sourceTree = SDKROOT; };
/* End PBXFileReference section */

/* Begin PBXFrameworksBuildPhase section */
		603907A48A91BA89B2351658 /* Frameworks */ = {
			isa = PBXFrameworksBuildPhase;
			buildActionMask = 2147483647;
			files = (
				60390A865F5893C4E5C32682 /* UIKit.framework in Frameworks */,
				60390D10B14669E51435150C /* Foundation.framework in Frameworks */,
				60390401971DE67BFF33D6A8 /* QuartzCore.framework in Frameworks */,
				603909FB80BC74CFBBE2DF8D /* CoreGraphics.framework in Frameworks */,
			);
			runOnlyForDeploymentPostprocessing = 0;
		};
/* End PBXFrameworksBuildPhase section */

/* Begin PBXGroup section */
		603905B6847BEB3F7A25F2D3 /* Products */ = {
			isa = PBXGroup;
			children = (
				603908C8D264A976DD3A2306 /* CKSideBarController.app */,
			);
			name = Products;
			sourceTree = "<group>";
		};
		60390746D94E2FAA62A5BCEC /* Supporting Files */ = {
			isa = PBXGroup;
			children = (
				60390A152B5584589231999E /* CKSideBarController-Info.plist */,
				60390638908AC4012B4D2A30 /* InfoPlist.strings */,
				603900E3CF099A5EA7D85F38 /* main.m */,
				60390759A359C46D4C689764 /* CKSideBarController-Prefix.pch */,
				603903CEA8D8FAF677D8EA9E /* Default.png */,
				6039008B969B70CA90BB469F /* Default@2x.png */,
				60390F3BC828FC41D1CDF940 /* Default-568h@2x.png */,
			);
			name = "Supporting Files";
			sourceTree = "<group>";
		};
		603908DACEA2CF9725F1BA94 /* CKSideBarController */ = {
			isa = PBXGroup;
			children = (
				60390746D94E2FAA62A5BCEC /* Supporting Files */,
				60390D4C57AD386112E2E314 /* CKAppDelegate.h */,
				603902D4BE74F217BB3CBDEA /* CKAppDelegate.m */,
				60390F82531E058FB59E3E2F /* CKSideBarController.h */,
				60390A626D668E03CF89A800 /* CKSideBarController.m */,
				60390D9F8818634E07CB14F7 /* Resources */,
				60390ED1B9F265F8CD8E9889 /* messages.png */,
				603905EA633E4D05343B0832 /* messages@2x.png */,
				6039018DE6B30775C3A6A8B8 /* CKTestViewController.m */,
				603908DB25A4A76066027C9F /* CKTestViewController.h */,
				6039009C327E05AD11B04DD3 /* compose.png */,
				60390B81AEBE479629D158E3 /* compose@2x.png */,
				60390357DCE9834B33EA962E /* search.png */,
				603905CD1AA2671B175D67F5 /* search@2x.png */,
				60390531E6989CC7FBFCB471 /* CKSideBarItem.h */,
				60390C602C60C243009B68C2 /* CKSideBarItem.m */,
			);
			path = CKSideBarController;
			sourceTree = "<group>";
		};
		60390D3263E4FC520CD9D220 /* Frameworks */ = {
			isa = PBXGroup;
			children = (
				603905C129889BF6A9A7DDFC /* UIKit.framework */,
				60390928E284F8EDA816B160 /* Foundation.framework */,
				60390FF173C1E692E933530D /* QuartzCore.framework */,
				6039016BEB841ECF4770E72D /* CoreGraphics.framework */,
			);
			name = Frameworks;
			sourceTree = "<group>";
		};
		60390D9F8818634E07CB14F7 /* Resources */ = {
			isa = PBXGroup;
			children = (
				603903179ABBE8CBA3418D10 /* rough_diagonal.png */,
				60390222989C940BA7867612 /* rough_diagonal@2x.png */,
				603908E3F7892B0562C3B631 /* selected-image-background.png */,
				603902398B1B3B59F7634823 /* selected-image-background@2x.png */,
				603907984C8D708DB0754F20 /* default-tabbar-icon.png */,
				60390114CE55D4E53AA2CAF6 /* default-tabbar-icon@2x.png */,
				60390FBEAB5204DA69627AD0 /* tabbar-glow.png */,
				603901EA1E38A877EFC08635 /* tabbar-glow@2x.png */,
			);
			name = Resources;
			sourceTree = "<group>";
		};
		60390FBB2AC68DDCB3568875 = {
			isa = PBXGroup;
			children = (
				603905B6847BEB3F7A25F2D3 /* Products */,
				60390D3263E4FC520CD9D220 /* Frameworks */,
				603908DACEA2CF9725F1BA94 /* CKSideBarController */,
			);
			sourceTree = "<group>";
		};
/* End PBXGroup section */

/* Begin PBXNativeTarget section */
		603903B759A32EB4DF4B7998 /* CKSideBarController */ = {
			isa = PBXNativeTarget;
			buildConfigurationList = 60390F188A68A2B930F48709 /* Build configuration list for PBXNativeTarget "CKSideBarController" */;
			buildPhases = (
				603904C8483E8B6331446BB7 /* Sources */,
				603907A48A91BA89B2351658 /* Frameworks */,
				6039070248A10FFD1BC50C3A /* Resources */,
			);
			buildRules = (
			);
			dependencies = (
			);
			name = CKSideBarController;
			productName = CKSideBarController;
			productReference = 603908C8D264A976DD3A2306 /* CKSideBarController.app */;
			productType = "com.apple.product-type.application";
		};
/* End PBXNativeTarget section */

/* Begin PBXProject section */
		60390155111257D4D488F5D3 /* Project object */ = {
			isa = PBXProject;
			buildConfigurationList = 603906AF7F28AFF64F432D89 /* Build configuration list for PBXProject "CKSideBarController" */;
			compatibilityVersion = "Xcode 3.2";
			developmentRegion = English;
			hasScannedForEncodings = 0;
			knownRegions = (
				en,
			);
			mainGroup = 60390FBB2AC68DDCB3568875;
			productRefGroup = 603905B6847BEB3F7A25F2D3 /* Products */;
			projectDirPath = "";
			projectRoot = "";
			targets = (
				603903B759A32EB4DF4B7998 /* CKSideBarController */,
			);
		};
/* End PBXProject section */

/* Begin PBXResourcesBuildPhase section */
		6039070248A10FFD1BC50C3A /* Resources */ = {
			isa = PBXResourcesBuildPhase;
			buildActionMask = 2147483647;
			files = (
				60390AC1AB747B91590A44D4 /* InfoPlist.strings in Resources */,
				60390BF7DD6E05DF08945026 /* Default.png in Resources */,
				60390CDD14D627AE27F5FD6B /* Default@2x.png in Resources */,
				603902A70EDD557C51285919 /* Default-568h@2x.png in Resources */,
				60390E3CEB22D9AE7F6ADE42 /* rough_diagonal.png in Resources */,
				603909BD56326799DBBA8F34 /* rough_diagonal@2x.png in Resources */,
				60390D9405E711E9D6DB3938 /* selected-image-background.png in Resources */,
				603904D70F8697EBD456D01A /* selected-image-background@2x.png in Resources */,
				60390D85C0707BB6D1FE2894 /* messages.png in Resources */,
				603906FF044087C67D426E02 /* messages@2x.png in Resources */,
				6039020135B7FE399ECC8581 /* compose.png in Resources */,
				603902FED5235533FB269F60 /* compose@2x.png in Resources */,
				6039004E2543EE446519928D /* search.png in Resources */,
				60390CA53C4EBC64A79B9150 /* search@2x.png in Resources */,
				60390661DD7BAC0E5590623F /* default-tabbar-icon.png in Resources */,
				60390A781E5F42A55F4E1CFC /* default-tabbar-icon@2x.png in Resources */,
				60390EB3349DAE882B4941E1 /* tabbar-glow.png in Resources */,
				6039061BBB786F8D8C7781AB /* tabbar-glow@2x.png in Resources */,
			);
			runOnlyForDeploymentPostprocessing = 0;
		};
/* End PBXResourcesBuildPhase section */

/* Begin PBXSourcesBuildPhase section */
		603904C8483E8B6331446BB7 /* Sources */ = {
			isa = PBXSourcesBuildPhase;
			buildActionMask = 2147483647;
			files = (
				60390BAFC58B068C38A8C0E0 /* main.m in Sources */,
				6039057337996A8C74B04646 /* CKAppDelegate.m in Sources */,
				60390F9634B4E3583978D86E /* CKSideBarController.m in Sources */,
				60390E5B75EBB4EC204BC425 /* CKTestViewController.m in Sources */,
				60390384643D87D83E27C702 /* CKSideBarItem.m in Sources */,
			);
			runOnlyForDeploymentPostprocessing = 0;
		};
/* End PBXSourcesBuildPhase section */

/* Begin PBXVariantGroup section */
		60390638908AC4012B4D2A30 /* InfoPlist.strings */ = {
			isa = PBXVariantGroup;
			children = (
				603907A659DB57E0AEA25984 /* en */,
			);
			name = InfoPlist.strings;
			sourceTree = "<group>";
		};
/* End PBXVariantGroup section */

/* Begin XCBuildConfiguration section */
		6039043F8D528E037C679387 /* Debug */ = {
			isa = XCBuildConfiguration;
			buildSettings = {
				ALWAYS_SEARCH_USER_PATHS = NO;
				CLANG_CXX_LANGUAGE_STANDARD = "gnu++0x";
				CLANG_CXX_LIBRARY = "libc++";
				CLANG_ENABLE_OBJC_ARC = YES;
				CLANG_WARN_EMPTY_BODY = YES;
				CLANG_WARN__DUPLICATE_METHOD_MATCH = YES;
				"CODE_SIGN_IDENTITY[sdk=iphoneos*]" = "iPhone Developer";
				COPY_PHASE_STRIP = NO;
				GCC_C_LANGUAGE_STANDARD = gnu99;
				GCC_DYNAMIC_NO_PIC = NO;
				GCC_OPTIMIZATION_LEVEL = 0;
				GCC_PREPROCESSOR_DEFINITIONS = (
					"DEBUG=1",
					"$(inherited)",
				);
				GCC_SYMBOLS_PRIVATE_EXTERN = NO;
				GCC_WARN_ABOUT_RETURN_TYPE = YES;
				GCC_WARN_UNINITIALIZED_AUTOS = YES;
				GCC_WARN_UNUSED_VARIABLE = YES;
				IPHONEOS_DEPLOYMENT_TARGET = 5.0;
				SDKROOT = iphoneos;
				TARGETED_DEVICE_FAMILY = 2;
			};
			name = Debug;
		};
		603907F9D18C345F3CC290B9 /* Release */ = {
			isa = XCBuildConfiguration;
			buildSettings = {
				"CODE_SIGN_IDENTITY[sdk=iphoneos*]" = "iPhone Developer";
				GCC_PRECOMPILE_PREFIX_HEADER = YES;
				GCC_PREFIX_HEADER = "CKSideBarController/CKSideBarController-Prefix.pch";
				INFOPLIST_FILE = "CKSideBarController/CKSideBarController-Info.plist";
				IPHONEOS_DEPLOYMENT_TARGET = 5.0;
				PRODUCT_NAME = "$(TARGET_NAME)";
				"PROVISIONING_PROFILE[sdk=iphoneos*]" = "";
				WRAPPER_EXTENSION = app;
			};
			name = Release;
		};
		60390A726BE1378ECB2201AE /* Debug */ = {
			isa = XCBuildConfiguration;
			buildSettings = {
				"CODE_SIGN_IDENTITY[sdk=iphoneos*]" = "iPhone Developer: Joe Hainline (BPR37248ZB)";
				GCC_PRECOMPILE_PREFIX_HEADER = YES;
				GCC_PREFIX_HEADER = "CKSideBarController/CKSideBarController-Prefix.pch";
				INFOPLIST_FILE = "CKSideBarController/CKSideBarController-Info.plist";
				IPHONEOS_DEPLOYMENT_TARGET = 5.0;
				PRODUCT_NAME = "$(TARGET_NAME)";
				"PROVISIONING_PROFILE[sdk=iphoneos*]" = "1AFA9AF2-219C-4807-966E-6BD3D1756AA8";
				WRAPPER_EXTENSION = app;
			};
			name = Debug;
		};
		60390D81BE31F3BA6639337D /* Release */ = {
			isa = XCBuildConfiguration;
			buildSettings = {
				ALWAYS_SEARCH_USER_PATHS = NO;
				CLANG_CXX_LANGUAGE_STANDARD = "gnu++0x";
				CLANG_CXX_LIBRARY = "libc++";
				CLANG_ENABLE_OBJC_ARC = YES;
				CLANG_WARN_EMPTY_BODY = YES;
				CLANG_WARN__DUPLICATE_METHOD_MATCH = YES;
				"CODE_SIGN_IDENTITY[sdk=iphoneos*]" = "iPhone Developer";
				COPY_PHASE_STRIP = YES;
				GCC_C_LANGUAGE_STANDARD = gnu99;
				GCC_WARN_ABOUT_RETURN_TYPE = YES;
				GCC_WARN_UNINITIALIZED_AUTOS = YES;
				GCC_WARN_UNUSED_VARIABLE = YES;
				IPHONEOS_DEPLOYMENT_TARGET = 5.0;
				OTHER_CFLAGS = "-DNS_BLOCK_ASSERTIONS=1";
				SDKROOT = iphoneos;
				TARGETED_DEVICE_FAMILY = 2;
				VALIDATE_PRODUCT = YES;
			};
			name = Release;
		};
/* End XCBuildConfiguration section */

/* Begin XCConfigurationList section */
		603906AF7F28AFF64F432D89 /* Build configuration list for PBXProject "CKSideBarController" */ = {
			isa = XCConfigurationList;
			buildConfigurations = (
				60390D81BE31F3BA6639337D /* Release */,
				6039043F8D528E037C679387 /* Debug */,
			);
			defaultConfigurationIsVisible = 0;
			defaultConfigurationName = Release;
		};
		60390F188A68A2B930F48709 /* Build configuration list for PBXNativeTarget "CKSideBarController" */ = {
			isa = XCConfigurationList;
			buildConfigurations = (
				603907F9D18C345F3CC290B9 /* Release */,
				60390A726BE1378ECB2201AE /* Debug */,
			);
			defaultConfigurationIsVisible = 0;
			defaultConfigurationName = Release;
		};
/* End XCConfigurationList section */
	};
	rootObject = 60390155111257D4D488F5D3 /* Project object */;
}
